
Microsoft Visual Studio Solution File, Format Version 12.00
# Visual Studio Version 17
VisualStudioVersion = 17.5.33530.505
MinimumVisualStudioVersion = 10.0.40219.1
Project("{FAE04EC0-301F-11D3-BF4B-00C04F79EFBC}") = "DFVIIbot", "DFVIIbot\DFVIIbot.csproj", "{53BDF9A1-FE9F-4DFE-8054-71204246BD3C}"
EndProject
Global
	GlobalSection(SolutionConfigurationPlatforms) = preSolution
		Debug|Any CPU = Debug|Any CPU
		Release|Any CPU = Release|Any CPU
	EndGlobalSection
	GlobalSection(ProjectConfigurationPlatforms) = postSolution
		{53BDF9A1-FE9F-4DFE-8054-71204246BD3C}.Debug|Any CPU.ActiveCfg = Debug|Any CPU
		{53BDF9A1-FE9F-4DFE-8054-71204246BD3C}.Debug|Any CPU.Build.0 = Debug|Any CPU
		{53BDF9A1-FE9F-4DFE-8054-71204246BD3C}.Release|Any CPU.ActiveCfg = Release|Any CPU
		{53BDF9A1-FE9F-4DFE-8054-71204246BD3C}.Release|Any CPU.Build.0 = Release|Any CPU
	EndGlobalSection
	GlobalSection(SolutionProperties) = preSolution
		HideSolutionNode = FALSE
	EndGlobalSection
	GlobalSection(ExtensibilityGlobals) = postSolution
		SolutionGuid = {353C7722-8C6E-473A-A8A9-7D4BE4B6C0A1}
	EndGlobalSection
EndGlobal
